
Microsoft Visual Studio Solution File, Format Version 12.00
# Visual Studio 15
VisualStudioVersion = 15.0.27428.2043
MinimumVisualStudioVersion = 10.0.40219.1
Project("{FAE04EC0-301F-11D3-BF4B-00C04F79EFBC}") = "Practica.curso", "Practica.curso\Practica.curso.csproj", "{A9039F52-7110-4768-B32C-9D39F43FA3C0}"
EndProject
Global
	GlobalSection(SolutionConfigurationPlatforms) = preSolution
		Debug|Any CPU = Debug|Any CPU
		Release|Any CPU = Release|Any CPU
	EndGlobalSection
	GlobalSection(ProjectConfigurationPlatforms) = postSolution
		{A9039F52-7110-4768-B32C-9D39F43FA3C0}.Debug|Any CPU.ActiveCfg = Debug|Any CPU
		{A9039F52-7110-4768-B32C-9D39F43FA3C0}.Debug|Any CPU.Build.0 = Debug|Any CPU
		{A9039F52-7110-4768-B32C-9D39F43FA3C0}.Release|Any CPU.ActiveCfg = Release|Any CPU
		{A9039F52-7110-4768-B32C-9D39F43FA3C0}.Release|Any CPU.Build.0 = Release|Any CPU
	EndGlobalSection
	GlobalSection(SolutionProperties) = preSolution
		HideSolutionNode = FALSE
	EndGlobalSection
	GlobalSection(ExtensibilityGlobals) = postSolution
		SolutionGuid = {83F1869D-2ED8-4A25-8771-8C1181DFA131}
	EndGlobalSection
EndGlobal
